// !$*UTF8*$!
{
	archiveVersion = 1;
	classes = {
	};
	objectVersion = 56;
	objects = {

/* Begin PBXBuildFile section */
		246000F82A9E22520032551E /* UIComponents.h in Headers */ = {isa = PBXBuildFile; fileRef = 246000F72A9E22520032551E /* UIComponents.h */; settings = {ATTRIBUTES = (Public, ); }; };
		2474720A2AA3458700E8D03B /* SnapKit in Frameworks */ = {isa = PBXBuildFile; productRef = 247472092AA3458700E8D03B /* SnapKit */; };
		247472732AA359ED00E8D03B /* BAAssets.xcassets in Resources */ = {isa = PBXBuildFile; fileRef = 247472722AA359ED00E8D03B /* BAAssets.xcassets */; };
		247472862AA35A4600E8D03B /* MontBlancDemoBold.ttf in Resources */ = {isa = PBXBuildFile; fileRef = 247472752AA35A4600E8D03B /* MontBlancDemoBold.ttf */; };
		247472872AA35A4600E8D03B /* MontBlanc-Trial-ExtraBold.ttf in Resources */ = {isa = PBXBuildFile; fileRef = 247472762AA35A4600E8D03B /* MontBlanc-Trial-ExtraBold.ttf */; };
		247472882AA35A4600E8D03B /* MontBlanc-Trial-ExtraLight.ttf in Resources */ = {isa = PBXBuildFile; fileRef = 247472772AA35A4600E8D03B /* MontBlanc-Trial-ExtraLight.ttf */; };
		247472892AA35A4600E8D03B /* MontBlanc-Trial-Bold.ttf in Resources */ = {isa = PBXBuildFile; fileRef = 247472782AA35A4600E8D03B /* MontBlanc-Trial-Bold.ttf */; };
		2474728A2AA35A4600E8D03B /* MontBlanc-Trial-ExtraBoldItalic.ttf in Resources */ = {isa = PBXBuildFile; fileRef = 247472792AA35A4600E8D03B /* MontBlanc-Trial-ExtraBoldItalic.ttf */; };
		2474728B2AA35A4600E8D03B /* MontBlanc-Trial-Black.ttf in Resources */ = {isa = PBXBuildFile; fileRef = 2474727A2AA35A4600E8D03B /* MontBlanc-Trial-Black.ttf */; };
		2474728C2AA35A4600E8D03B /* MontBlanc-Trial-ThinItalic.ttf in Resources */ = {isa = PBXBuildFile; fileRef = 2474727B2AA35A4600E8D03B /* MontBlanc-Trial-ThinItalic.ttf */; };
		2474728D2AA35A4600E8D03B /* MontBlanc-Trial-Regular.ttf in Resources */ = {isa = PBXBuildFile; fileRef = 2474727C2AA35A4600E8D03B /* MontBlanc-Trial-Regular.ttf */; };
		2474728E2AA35A4600E8D03B /* MontBlanc-Trial-RegularItalic.ttf in Resources */ = {isa = PBXBuildFile; fileRef = 2474727D2AA35A4600E8D03B /* MontBlanc-Trial-RegularItalic.ttf */; };
		2474728F2AA35A4600E8D03B /* MontBlanc-Trial-SemiBold.ttf in Resources */ = {isa = PBXBuildFile; fileRef = 2474727E2AA35A4600E8D03B /* MontBlanc-Trial-SemiBold.ttf */; };
		247472902AA35A4600E8D03B /* MontBlanc-Trial-LightItalic.ttf in Resources */ = {isa = PBXBuildFile; fileRef = 2474727F2AA35A4600E8D03B /* MontBlanc-Trial-LightItalic.ttf */; };
		247472912AA35A4600E8D03B /* MontBlanc-Trial-SemiBoldItalic.ttf in Resources */ = {isa = PBXBuildFile; fileRef = 247472802AA35A4600E8D03B /* MontBlanc-Trial-SemiBoldItalic.ttf */; };
		247472922AA35A4600E8D03B /* MontBlanc-Trial-Light.ttf in Resources */ = {isa = PBXBuildFile; fileRef = 247472812AA35A4600E8D03B /* MontBlanc-Trial-Light.ttf */; };
		247472932AA35A4600E8D03B /* MontBlanc-Trial-BlackItalic.ttf in Resources */ = {isa = PBXBuildFile; fileRef = 247472822AA35A4600E8D03B /* MontBlanc-Trial-BlackItalic.ttf */; };
		247472942AA35A4600E8D03B /* MontBlanc-Trial-Thin.ttf in Resources */ = {isa = PBXBuildFile; fileRef = 247472832AA35A4600E8D03B /* MontBlanc-Trial-Thin.ttf */; };
		247472952AA35A4600E8D03B /* MontBlanc-Trial-ExtraLightItalic.ttf in Resources */ = {isa = PBXBuildFile; fileRef = 247472842AA35A4600E8D03B /* MontBlanc-Trial-ExtraLightItalic.ttf */; };
		247472962AA35A4600E8D03B /* MontBlanc-Trial-BoldItalic.ttf in Resources */ = {isa = PBXBuildFile; fileRef = 247472852AA35A4600E8D03B /* MontBlanc-Trial-BoldItalic.ttf */; };
		247CA37C2AA1FB1600A3FF46 /* RswiftLibrary in Frameworks */ = {isa = PBXBuildFile; productRef = 247CA37B2AA1FB1600A3FF46 /* RswiftLibrary */; };
		24F5929E2AA35DD6009F2A1D /* BAPrimaryButton.swift in Sources */ = {isa = PBXBuildFile; fileRef = 24F5929D2AA35DD6009F2A1D /* BAPrimaryButton.swift */; };
		24F592DB2AA37161009F2A1D /* UIFont+Ext.swift in Sources */ = {isa = PBXBuildFile; fileRef = 24F592DA2AA37161009F2A1D /* UIFont+Ext.swift */; };
		24F592DF2AA37578009F2A1D /* Bundle+Ext.swift in Sources */ = {isa = PBXBuildFile; fileRef = 24F592DE2AA37578009F2A1D /* Bundle+Ext.swift */; };
/* End PBXBuildFile section */

/* Begin PBXFileReference section */
		246000F42A9E22520032551E /* UIComponents.framework */ = {isa = PBXFileReference; explicitFileType = wrapper.framework; includeInIndex = 0; path = UIComponents.framework; sourceTree = BUILT_PRODUCTS_DIR; };
		246000F72A9E22520032551E /* UIComponents.h */ = {isa = PBXFileReference; lastKnownFileType = sourcecode.c.h; path = UIComponents.h; sourceTree = "<group>"; };
		247472722AA359ED00E8D03B /* BAAssets.xcassets */ = {isa = PBXFileReference; lastKnownFileType = folder.assetcatalog; path = BAAssets.xcassets; sourceTree = "<group>"; };
		247472752AA35A4600E8D03B /* MontBlancDemoBold.ttf */ = {isa = PBXFileReference; lastKnownFileType = file; name = MontBlancDemoBold.ttf; path = "../../../../../../../../Downloads/Mont Blanc-Trial/MontBlancDemoBold.ttf"; sourceTree = "<group>"; };
		247472762AA35A4600E8D03B /* MontBlanc-Trial-ExtraBold.ttf */ = {isa = PBXFileReference; lastKnownFileType = file; name = "MontBlanc-Trial-ExtraBold.ttf"; path = "../../../../../../../../Downloads/Mont Blanc-Trial/MontBlanc-Trial-ExtraBold.ttf"; sourceTree = "<group>"; };
		247472772AA35A4600E8D03B /* MontBlanc-Trial-ExtraLight.ttf */ = {isa = PBXFileReference; lastKnownFileType = file; name = "MontBlanc-Trial-ExtraLight.ttf"; path = "../../../../../../../../Downloads/Mont Blanc-Trial/MontBlanc-Trial-ExtraLight.ttf"; sourceTree = "<group>"; };
		247472782AA35A4600E8D03B /* MontBlanc-Trial-Bold.ttf */ = {isa = PBXFileReference; lastKnownFileType = file; name = "MontBlanc-Trial-Bold.ttf"; path = "../../../../../../../../Downloads/Mont Blanc-Trial/MontBlanc-Trial-Bold.ttf"; sourceTree = "<group>"; };
		247472792AA35A4600E8D03B /* MontBlanc-Trial-ExtraBoldItalic.ttf */ = {isa = PBXFileReference; lastKnownFileType = file; name = "MontBlanc-Trial-ExtraBoldItalic.ttf"; path = "../../../../../../../../Downloads/Mont Blanc-Trial/MontBlanc-Trial-ExtraBoldItalic.ttf"; sourceTree = "<group>"; };
		2474727A2AA35A4600E8D03B /* MontBlanc-Trial-Black.ttf */ = {isa = PBXFileReference; lastKnownFileType = file; name = "MontBlanc-Trial-Black.ttf"; path = "../../../../../../../../Downloads/Mont Blanc-Trial/MontBlanc-Trial-Black.ttf"; sourceTree = "<group>"; };
		2474727B2AA35A4600E8D03B /* MontBlanc-Trial-ThinItalic.ttf */ = {isa = PBXFileReference; lastKnownFileType = file; name = "MontBlanc-Trial-ThinItalic.ttf"; path = "../../../../../../../../Downloads/Mont Blanc-Trial/MontBlanc-Trial-ThinItalic.ttf"; sourceTree = "<group>"; };
		2474727C2AA35A4600E8D03B /* MontBlanc-Trial-Regular.ttf */ = {isa = PBXFileReference; lastKnownFileType = file; name = "MontBlanc-Trial-Regular.ttf"; path = "../../../../../../../../Downloads/Mont Blanc-Trial/MontBlanc-Trial-Regular.ttf"; sourceTree = "<group>"; };
		2474727D2AA35A4600E8D03B /* MontBlanc-Trial-RegularItalic.ttf */ = {isa = PBXFileReference; lastKnownFileType = file; name = "MontBlanc-Trial-RegularItalic.ttf"; path = "../../../../../../../../Downloads/Mont Blanc-Trial/MontBlanc-Trial-RegularItalic.ttf"; sourceTree = "<group>"; };
		2474727E2AA35A4600E8D03B /* MontBlanc-Trial-SemiBold.ttf */ = {isa = PBXFileReference; lastKnownFileType = file; name = "MontBlanc-Trial-SemiBold.ttf"; path = "../../../../../../../../Downloads/Mont Blanc-Trial/MontBlanc-Trial-SemiBold.ttf"; sourceTree = "<group>"; };
		2474727F2AA35A4600E8D03B /* MontBlanc-Trial-LightItalic.ttf */ = {isa = PBXFileReference; lastKnownFileType = file; name = "MontBlanc-Trial-LightItalic.ttf"; path = "../../../../../../../../Downloads/Mont Blanc-Trial/MontBlanc-Trial-LightItalic.ttf"; sourceTree = "<group>"; };
		247472802AA35A4600E8D03B /* MontBlanc-Trial-SemiBoldItalic.ttf */ = {isa = PBXFileReference; lastKnownFileType = file; name = "MontBlanc-Trial-SemiBoldItalic.ttf"; path = "../../../../../../../../Downloads/Mont Blanc-Trial/MontBlanc-Trial-SemiBoldItalic.ttf"; sourceTree = "<group>"; };
		247472812AA35A4600E8D03B /* MontBlanc-Trial-Light.ttf */ = {isa = PBXFileReference; lastKnownFileType = file; name = "MontBlanc-Trial-Light.ttf"; path = "../../../../../../../../Downloads/Mont Blanc-Trial/MontBlanc-Trial-Light.ttf"; sourceTree = "<group>"; };
		247472822AA35A4600E8D03B /* MontBlanc-Trial-BlackItalic.ttf */ = {isa = PBXFileReference; lastKnownFileType = file; name = "MontBlanc-Trial-BlackItalic.ttf"; path = "../../../../../../../../Downloads/Mont Blanc-Trial/MontBlanc-Trial-BlackItalic.ttf"; sourceTree = "<group>"; };
		247472832AA35A4600E8D03B /* MontBlanc-Trial-Thin.ttf */ = {isa = PBXFileReference; lastKnownFileType = file; name = "MontBlanc-Trial-Thin.ttf"; path = "../../../../../../../../Downloads/Mont Blanc-Trial/MontBlanc-Trial-Thin.ttf"; sourceTree = "<group>"; };
		247472842AA35A4600E8D03B /* MontBlanc-Trial-ExtraLightItalic.ttf */ = {isa = PBXFileReference; lastKnownFileType = file; name = "MontBlanc-Trial-ExtraLightItalic.ttf"; path = "../../../../../../../../Downloads/Mont Blanc-Trial/MontBlanc-Trial-ExtraLightItalic.ttf"; sourceTree = "<group>"; };
		247472852AA35A4600E8D03B /* MontBlanc-Trial-BoldItalic.ttf */ = {isa = PBXFileReference; lastKnownFileType = file; name = "MontBlanc-Trial-BoldItalic.ttf"; path = "../../../../../../../../Downloads/Mont Blanc-Trial/MontBlanc-Trial-BoldItalic.ttf"; sourceTree = "<group>"; };
		24F5929D2AA35DD6009F2A1D /* BAPrimaryButton.swift */ = {isa = PBXFileReference; lastKnownFileType = sourcecode.swift; path = BAPrimaryButton.swift; sourceTree = "<group>"; };
		24F592DA2AA37161009F2A1D /* UIFont+Ext.swift */ = {isa = PBXFileReference; lastKnownFileType = sourcecode.swift; path = "UIFont+Ext.swift"; sourceTree = "<group>"; };
		24F592DE2AA37578009F2A1D /* Bundle+Ext.swift */ = {isa = PBXFileReference; lastKnownFileType = sourcecode.swift; path = "Bundle+Ext.swift"; sourceTree = "<group>"; };
/* End PBXFileReference section */

/* Begin PBXFrameworksBuildPhase section */
		246000F12A9E22520032551E /* Frameworks */ = {
			isa = PBXFrameworksBuildPhase;
			buildActionMask = 2147483647;
			files = (
				247CA37C2AA1FB1600A3FF46 /* RswiftLibrary in Frameworks */,
				2474720A2AA3458700E8D03B /* SnapKit in Frameworks */,
			);
			runOnlyForDeploymentPostprocessing = 0;
		};
/* End PBXFrameworksBuildPhase section */

/* Begin PBXGroup section */
		246000EA2A9E22520032551E = {
			isa = PBXGroup;
			children = (
				246000F62A9E22520032551E /* UIComponents */,
				246000F52A9E22520032551E /* Products */,
			);
			sourceTree = "<group>";
		};
		246000F52A9E22520032551E /* Products */ = {
			isa = PBXGroup;
			children = (
				246000F42A9E22520032551E /* UIComponents.framework */,
			);
			name = Products;
			sourceTree = "<group>";
		};
		246000F62A9E22520032551E /* UIComponents */ = {
			isa = PBXGroup;
			children = (
				247472702AA359AF00E8D03B /* Base */,
				24F592D92AA37133009F2A1D /* Extensions */,
				247472712AA359C000E8D03B /* Source */,
				246000F72A9E22520032551E /* UIComponents.h */,
			);
			path = UIComponents;
			sourceTree = "<group>";
		};
		247472702AA359AF00E8D03B /* Base */ = {
			isa = PBXGroup;
			children = (
				24F5929D2AA35DD6009F2A1D /* BAPrimaryButton.swift */,
			);
			path = Base;
			sourceTree = "<group>";
		};
		247472712AA359C000E8D03B /* Source */ = {
			isa = PBXGroup;
			children = (
				247472722AA359ED00E8D03B /* BAAssets.xcassets */,
				247472742AA359FA00E8D03B /* Fonts */,
			);
			path = Source;
			sourceTree = "<group>";
		};
		247472742AA359FA00E8D03B /* Fonts */ = {
			isa = PBXGroup;
			children = (
				2474727A2AA35A4600E8D03B /* MontBlanc-Trial-Black.ttf */,
				247472822AA35A4600E8D03B /* MontBlanc-Trial-BlackItalic.ttf */,
				247472782AA35A4600E8D03B /* MontBlanc-Trial-Bold.ttf */,
				247472852AA35A4600E8D03B /* MontBlanc-Trial-BoldItalic.ttf */,
				247472762AA35A4600E8D03B /* MontBlanc-Trial-ExtraBold.ttf */,
				247472792AA35A4600E8D03B /* MontBlanc-Trial-ExtraBoldItalic.ttf */,
				247472772AA35A4600E8D03B /* MontBlanc-Trial-ExtraLight.ttf */,
				247472842AA35A4600E8D03B /* MontBlanc-Trial-ExtraLightItalic.ttf */,
				247472812AA35A4600E8D03B /* MontBlanc-Trial-Light.ttf */,
				2474727F2AA35A4600E8D03B /* MontBlanc-Trial-LightItalic.ttf */,
				2474727C2AA35A4600E8D03B /* MontBlanc-Trial-Regular.ttf */,
				2474727D2AA35A4600E8D03B /* MontBlanc-Trial-RegularItalic.ttf */,
				2474727E2AA35A4600E8D03B /* MontBlanc-Trial-SemiBold.ttf */,
				247472802AA35A4600E8D03B /* MontBlanc-Trial-SemiBoldItalic.ttf */,
				247472832AA35A4600E8D03B /* MontBlanc-Trial-Thin.ttf */,
				2474727B2AA35A4600E8D03B /* MontBlanc-Trial-ThinItalic.ttf */,
				247472752AA35A4600E8D03B /* MontBlancDemoBold.ttf */,
			);
			path = Fonts;
			sourceTree = "<group>";
		};
		24F592D92AA37133009F2A1D /* Extensions */ = {
			isa = PBXGroup;
			children = (
				24F592DA2AA37161009F2A1D /* UIFont+Ext.swift */,
				24F592DE2AA37578009F2A1D /* Bundle+Ext.swift */,
			);
			path = Extensions;
			sourceTree = "<group>";
		};
/* End PBXGroup section */

/* Begin PBXHeadersBuildPhase section */
		246000EF2A9E22520032551E /* Headers */ = {
			isa = PBXHeadersBuildPhase;
			buildActionMask = 2147483647;
			files = (
				246000F82A9E22520032551E /* UIComponents.h in Headers */,
			);
			runOnlyForDeploymentPostprocessing = 0;
		};
/* End PBXHeadersBuildPhase section */

/* Begin PBXNativeTarget section */
		246000F32A9E22520032551E /* UIComponents */ = {
			isa = PBXNativeTarget;
			buildConfigurationList = 246000FB2A9E22520032551E /* Build configuration list for PBXNativeTarget "UIComponents" */;
			buildPhases = (
				246000EF2A9E22520032551E /* Headers */,
				246000F02A9E22520032551E /* Sources */,
				246000F12A9E22520032551E /* Frameworks */,
				246000F22A9E22520032551E /* Resources */,
			);
			buildRules = (
			);
			dependencies = (
				2474721A2AA34B0900E8D03B /* PBXTargetDependency */,
				247CA37E2AA1FC2D00A3FF46 /* PBXTargetDependency */,
			);
			name = UIComponents;
			packageProductDependencies = (
				247CA37B2AA1FB1600A3FF46 /* RswiftLibrary */,
				247472092AA3458700E8D03B /* SnapKit */,
			);
			productName = UIComponents;
			productReference = 246000F42A9E22520032551E /* UIComponents.framework */;
			productType = "com.apple.product-type.framework";
		};
/* End PBXNativeTarget section */

/* Begin PBXProject section */
		246000EB2A9E22520032551E /* Project object */ = {
			isa = PBXProject;
			attributes = {
				BuildIndependentTargetsInParallel = 1;
				LastUpgradeCheck = 1430;
				TargetAttributes = {
					246000F32A9E22520032551E = {
						CreatedOnToolsVersion = 14.3.1;
						LastSwiftMigration = 1430;
					};
				};
			};
			buildConfigurationList = 246000EE2A9E22520032551E /* Build configuration list for PBXProject "UIComponents" */;
			compatibilityVersion = "Xcode 14.0";
			developmentRegion = en;
			hasScannedForEncodings = 0;
			knownRegions = (
				en,
				Base,
			);
			mainGroup = 246000EA2A9E22520032551E;
			packageReferences = (
				247CA37A2AA1FB1600A3FF46 /* XCRemoteSwiftPackageReference "R" */,
				247472082AA3458700E8D03B /* XCRemoteSwiftPackageReference "SnapKit" */,
				247472182AA34ADC00E8D03B /* XCRemoteSwiftPackageReference "SwiftLint" */,
			);
			productRefGroup = 246000F52A9E22520032551E /* Products */;
			projectDirPath = "";
			projectRoot = "";
			targets = (
				246000F32A9E22520032551E /* UIComponents */,
			);
		};
/* End PBXProject section */

/* Begin PBXResourcesBuildPhase section */
		246000F22A9E22520032551E /* Resources */ = {
			isa = PBXResourcesBuildPhase;
			buildActionMask = 2147483647;
			files = (
				2474728A2AA35A4600E8D03B /* MontBlanc-Trial-ExtraBoldItalic.ttf in Resources */,
				247472912AA35A4600E8D03B /* MontBlanc-Trial-SemiBoldItalic.ttf in Resources */,
				247472902AA35A4600E8D03B /* MontBlanc-Trial-LightItalic.ttf in Resources */,
				247472952AA35A4600E8D03B /* MontBlanc-Trial-ExtraLightItalic.ttf in Resources */,
				247472892AA35A4600E8D03B /* MontBlanc-Trial-Bold.ttf in Resources */,
				247472732AA359ED00E8D03B /* BAAssets.xcassets in Resources */,
				2474728F2AA35A4600E8D03B /* MontBlanc-Trial-SemiBold.ttf in Resources */,
				247472962AA35A4600E8D03B /* MontBlanc-Trial-BoldItalic.ttf in Resources */,
				2474728B2AA35A4600E8D03B /* MontBlanc-Trial-Black.ttf in Resources */,
				247472862AA35A4600E8D03B /* MontBlancDemoBold.ttf in Resources */,
				247472932AA35A4600E8D03B /* MontBlanc-Trial-BlackItalic.ttf in Resources */,
				2474728D2AA35A4600E8D03B /* MontBlanc-Trial-Regular.ttf in Resources */,
				247472882AA35A4600E8D03B /* MontBlanc-Trial-ExtraLight.ttf in Resources */,
				247472942AA35A4600E8D03B /* MontBlanc-Trial-Thin.ttf in Resources */,
				247472872AA35A4600E8D03B /* MontBlanc-Trial-ExtraBold.ttf in Resources */,
				247472922AA35A4600E8D03B /* MontBlanc-Trial-Light.ttf in Resources */,
				2474728C2AA35A4600E8D03B /* MontBlanc-Trial-ThinItalic.ttf in Resources */,
				2474728E2AA35A4600E8D03B /* MontBlanc-Trial-RegularItalic.ttf in Resources */,
			);
			runOnlyForDeploymentPostprocessing = 0;
		};
/* End PBXResourcesBuildPhase section */

/* Begin PBXSourcesBuildPhase section */
		246000F02A9E22520032551E /* Sources */ = {
			isa = PBXSourcesBuildPhase;
			buildActionMask = 2147483647;
			files = (
				24F592DF2AA37578009F2A1D /* Bundle+Ext.swift in Sources */,
				24F592DB2AA37161009F2A1D /* UIFont+Ext.swift in Sources */,
				24F5929E2AA35DD6009F2A1D /* BAPrimaryButton.swift in Sources */,
			);
			runOnlyForDeploymentPostprocessing = 0;
		};
/* End PBXSourcesBuildPhase section */

/* Begin PBXTargetDependency section */
		2474721A2AA34B0900E8D03B /* PBXTargetDependency */ = {
			isa = PBXTargetDependency;
			productRef = 247472192AA34B0900E8D03B /* SwiftLintPlugin */;
		};
		247CA37E2AA1FC2D00A3FF46 /* PBXTargetDependency */ = {
			isa = PBXTargetDependency;
			productRef = 247CA37D2AA1FC2D00A3FF46 /* RswiftGeneratePublicResources */;
		};
/* End PBXTargetDependency section */

/* Begin XCBuildConfiguration section */
		246000F92A9E22520032551E /* Debug */ = {
			isa = XCBuildConfiguration;
			buildSettings = {
				ALWAYS_SEARCH_USER_PATHS = NO;
				CLANG_ANALYZER_NONNULL = YES;
				CLANG_ANALYZER_NUMBER_OBJECT_CONVERSION = YES_AGGRESSIVE;
				CLANG_CXX_LANGUAGE_STANDARD = "gnu++20";
				CLANG_ENABLE_MODULES = YES;
				CLANG_ENABLE_OBJC_ARC = YES;
				CLANG_ENABLE_OBJC_WEAK = YES;
				CLANG_WARN_BLOCK_CAPTURE_AUTORELEASING = YES;
				CLANG_WARN_BOOL_CONVERSION = YES;
				CLANG_WARN_COMMA = YES;
				CLANG_WARN_CONSTANT_CONVERSION = YES;
				CLANG_WARN_DEPRECATED_OBJC_IMPLEMENTATIONS = YES;
				CLANG_WARN_DIRECT_OBJC_ISA_USAGE = YES_ERROR;
				CLANG_WARN_DOCUMENTATION_COMMENTS = YES;
				CLANG_WARN_EMPTY_BODY = YES;
				CLANG_WARN_ENUM_CONVERSION = YES;
				CLANG_WARN_INFINITE_RECURSION = YES;
				CLANG_WARN_INT_CONVERSION = YES;
				CLANG_WARN_NON_LITERAL_NULL_CONVERSION = YES;
				CLANG_WARN_OBJC_IMPLICIT_RETAIN_SELF = YES;
				CLANG_WARN_OBJC_LITERAL_CONVERSION = YES;
				CLANG_WARN_OBJC_ROOT_CLASS = YES_ERROR;
				CLANG_WARN_QUOTED_INCLUDE_IN_FRAMEWORK_HEADER = YES;
				CLANG_WARN_RANGE_LOOP_ANALYSIS = YES;
				CLANG_WARN_STRICT_PROTOTYPES = YES;
				CLANG_WARN_SUSPICIOUS_MOVE = YES;
				CLANG_WARN_UNGUARDED_AVAILABILITY = YES_AGGRESSIVE;
				CLANG_WARN_UNREACHABLE_CODE = YES;
				CLANG_WARN__DUPLICATE_METHOD_MATCH = YES;
				COPY_PHASE_STRIP = NO;
				CURRENT_PROJECT_VERSION = 1;
				DEBUG_INFORMATION_FORMAT = dwarf;
				ENABLE_STRICT_OBJC_MSGSEND = YES;
				ENABLE_TESTABILITY = YES;
				GCC_C_LANGUAGE_STANDARD = gnu11;
				GCC_DYNAMIC_NO_PIC = NO;
				GCC_NO_COMMON_BLOCKS = YES;
				GCC_OPTIMIZATION_LEVEL = 0;
				GCC_PREPROCESSOR_DEFINITIONS = (
					"DEBUG=1",
					"$(inherited)",
				);
				GCC_WARN_64_TO_32_BIT_CONVERSION = YES;
				GCC_WARN_ABOUT_RETURN_TYPE = YES_ERROR;
				GCC_WARN_UNDECLARED_SELECTOR = YES;
				GCC_WARN_UNINITIALIZED_AUTOS = YES_AGGRESSIVE;
				GCC_WARN_UNUSED_FUNCTION = YES;
				GCC_WARN_UNUSED_VARIABLE = YES;
				IPHONEOS_DEPLOYMENT_TARGET = 16.4;
				MTL_ENABLE_DEBUG_INFO = INCLUDE_SOURCE;
				MTL_FAST_MATH = YES;
				ONLY_ACTIVE_ARCH = YES;
				SDKROOT = iphoneos;
				SWIFT_ACTIVE_COMPILATION_CONDITIONS = DEBUG;
				SWIFT_OPTIMIZATION_LEVEL = "-Onone";
				VERSIONING_SYSTEM = "apple-generic";
				VERSION_INFO_PREFIX = "";
			};
			name = Debug;
		};
		246000FA2A9E22520032551E /* Release */ = {
			isa = XCBuildConfiguration;
			buildSettings = {
				ALWAYS_SEARCH_USER_PATHS = NO;
				CLANG_ANALYZER_NONNULL = YES;
				CLANG_ANALYZER_NUMBER_OBJECT_CONVERSION = YES_AGGRESSIVE;
				CLANG_CXX_LANGUAGE_STANDARD = "gnu++20";
				CLANG_ENABLE_MODULES = YES;
				CLANG_ENABLE_OBJC_ARC = YES;
				CLANG_ENABLE_OBJC_WEAK = YES;
				CLANG_WARN_BLOCK_CAPTURE_AUTORELEASING = YES;
				CLANG_WARN_BOOL_CONVERSION = YES;
				CLANG_WARN_COMMA = YES;
				CLANG_WARN_CONSTANT_CONVERSION = YES;
				CLANG_WARN_DEPRECATED_OBJC_IMPLEMENTATIONS = YES;
				CLANG_WARN_DIRECT_OBJC_ISA_USAGE = YES_ERROR;
				CLANG_WARN_DOCUMENTATION_COMMENTS = YES;
				CLANG_WARN_EMPTY_BODY = YES;
				CLANG_WARN_ENUM_CONVERSION = YES;
				CLANG_WARN_INFINITE_RECURSION = YES;
				CLANG_WARN_INT_CONVERSION = YES;
				CLANG_WARN_NON_LITERAL_NULL_CONVERSION = YES;
				CLANG_WARN_OBJC_IMPLICIT_RETAIN_SELF = YES;
				CLANG_WARN_OBJC_LITERAL_CONVERSION = YES;
				CLANG_WARN_OBJC_ROOT_CLASS = YES_ERROR;
				CLANG_WARN_QUOTED_INCLUDE_IN_FRAMEWORK_HEADER = YES;
				CLANG_WARN_RANGE_LOOP_ANALYSIS = YES;
				CLANG_WARN_STRICT_PROTOTYPES = YES;
				CLANG_WARN_SUSPICIOUS_MOVE = YES;
				CLANG_WARN_UNGUARDED_AVAILABILITY = YES_AGGRESSIVE;
				CLANG_WARN_UNREACHABLE_CODE = YES;
				CLANG_WARN__DUPLICATE_METHOD_MATCH = YES;
				COPY_PHASE_STRIP = NO;
				CURRENT_PROJECT_VERSION = 1;
				DEBUG_INFORMATION_FORMAT = "dwarf-with-dsym";
				ENABLE_NS_ASSERTIONS = NO;
				ENABLE_STRICT_OBJC_MSGSEND = YES;
				GCC_C_LANGUAGE_STANDARD = gnu11;
				GCC_NO_COMMON_BLOCKS = YES;
				GCC_WARN_64_TO_32_BIT_CONVERSION = YES;
				GCC_WARN_ABOUT_RETURN_TYPE = YES_ERROR;
				GCC_WARN_UNDECLARED_SELECTOR = YES;
				GCC_WARN_UNINITIALIZED_AUTOS = YES_AGGRESSIVE;
				GCC_WARN_UNUSED_FUNCTION = YES;
				GCC_WARN_UNUSED_VARIABLE = YES;
				IPHONEOS_DEPLOYMENT_TARGET = 16.4;
				MTL_ENABLE_DEBUG_INFO = NO;
				MTL_FAST_MATH = YES;
				SDKROOT = iphoneos;
				SWIFT_COMPILATION_MODE = wholemodule;
				SWIFT_OPTIMIZATION_LEVEL = "-O";
				VALIDATE_PRODUCT = YES;
				VERSIONING_SYSTEM = "apple-generic";
				VERSION_INFO_PREFIX = "";
			};
			name = Release;
		};
		246000FC2A9E22520032551E /* Debug */ = {
			isa = XCBuildConfiguration;
			buildSettings = {
				CLANG_ENABLE_MODULES = YES;
				CODE_SIGN_STYLE = Automatic;
				CURRENT_PROJECT_VERSION = 1;
				DEFINES_MODULE = YES;
				DEVELOPMENT_TEAM = XY95NKW6BH;
				DYLIB_COMPATIBILITY_VERSION = 1;
				DYLIB_CURRENT_VERSION = 1;
				DYLIB_INSTALL_NAME_BASE = "@rpath";
				ENABLE_MODULE_VERIFIER = YES;
				GENERATE_INFOPLIST_FILE = YES;
				INFOPLIST_FILE = UIComponents/Info.plist;
				INFOPLIST_KEY_NSHumanReadableCopyright = "";
				INSTALL_PATH = "$(LOCAL_LIBRARY_DIR)/Frameworks";
				IPHONEOS_DEPLOYMENT_TARGET = 14.0;
				LD_RUNPATH_SEARCH_PATHS = (
					"$(inherited)",
					"@executable_path/Frameworks",
					"@loader_path/Frameworks",
				);
				MARKETING_VERSION = 1.0;
				MODULE_VERIFIER_SUPPORTED_LANGUAGES = "objective-c objective-c++";
				MODULE_VERIFIER_SUPPORTED_LANGUAGE_STANDARDS = "gnu11 gnu++20";
				PRODUCT_BUNDLE_IDENTIFIER = com.2late2bad.UIComponents;
				PRODUCT_NAME = "$(TARGET_NAME:c99extidentifier)";
				SKIP_INSTALL = YES;
				SWIFT_EMIT_LOC_STRINGS = YES;
				SWIFT_OPTIMIZATION_LEVEL = "-Onone";
				SWIFT_VERSION = 5.0;
				TARGETED_DEVICE_FAMILY = "1,2";
			};
			name = Debug;
		};
		246000FD2A9E22520032551E /* Release */ = {
			isa = XCBuildConfiguration;
			buildSettings = {
				CLANG_ENABLE_MODULES = YES;
				CODE_SIGN_STYLE = Automatic;
				CURRENT_PROJECT_VERSION = 1;
				DEFINES_MODULE = YES;
				DEVELOPMENT_TEAM = XY95NKW6BH;
				DYLIB_COMPATIBILITY_VERSION = 1;
				DYLIB_CURRENT_VERSION = 1;
				DYLIB_INSTALL_NAME_BASE = "@rpath";
				ENABLE_MODULE_VERIFIER = YES;
				GENERATE_INFOPLIST_FILE = YES;
				INFOPLIST_FILE = UIComponents/Info.plist;
				INFOPLIST_KEY_NSHumanReadableCopyright = "";
				INSTALL_PATH = "$(LOCAL_LIBRARY_DIR)/Frameworks";
				IPHONEOS_DEPLOYMENT_TARGET = 14.0;
				LD_RUNPATH_SEARCH_PATHS = (
					"$(inherited)",
					"@executable_path/Frameworks",
					"@loader_path/Frameworks",
				);
				MARKETING_VERSION = 1.0;
				MODULE_VERIFIER_SUPPORTED_LANGUAGES = "objective-c objective-c++";
				MODULE_VERIFIER_SUPPORTED_LANGUAGE_STANDARDS = "gnu11 gnu++20";
				PRODUCT_BUNDLE_IDENTIFIER = com.2late2bad.UIComponents;
				PRODUCT_NAME = "$(TARGET_NAME:c99extidentifier)";
				SKIP_INSTALL = YES;
				SWIFT_EMIT_LOC_STRINGS = YES;
				SWIFT_VERSION = 5.0;
				TARGETED_DEVICE_FAMILY = "1,2";
			};
			name = Release;
		};
/* End XCBuildConfiguration section */

/* Begin XCConfigurationList section */
		246000EE2A9E22520032551E /* Build configuration list for PBXProject "UIComponents" */ = {
			isa = XCConfigurationList;
			buildConfigurations = (
				246000F92A9E22520032551E /* Debug */,
				246000FA2A9E22520032551E /* Release */,
			);
			defaultConfigurationIsVisible = 0;
			defaultConfigurationName = Release;
		};
		246000FB2A9E22520032551E /* Build configuration list for PBXNativeTarget "UIComponents" */ = {
			isa = XCConfigurationList;
			buildConfigurations = (
				246000FC2A9E22520032551E /* Debug */,
				246000FD2A9E22520032551E /* Release */,
			);
			defaultConfigurationIsVisible = 0;
			defaultConfigurationName = Release;
		};
/* End XCConfigurationList section */

/* Begin XCRemoteSwiftPackageReference section */
		247472082AA3458700E8D03B /* XCRemoteSwiftPackageReference "SnapKit" */ = {
			isa = XCRemoteSwiftPackageReference;
			repositoryURL = "https://github.com/SnapKit/SnapKit?ysclid=lcnbb57v6a449976739";
			requirement = {
				kind = upToNextMajorVersion;
				minimumVersion = 5.0.0;
			};
		};
		247472182AA34ADC00E8D03B /* XCRemoteSwiftPackageReference "SwiftLint" */ = {
			isa = XCRemoteSwiftPackageReference;
			repositoryURL = "https://github.com/realm/SwiftLint.git";
			requirement = {
				kind = upToNextMajorVersion;
				minimumVersion = 0.52.4;
			};
		};
		247CA37A2AA1FB1600A3FF46 /* XCRemoteSwiftPackageReference "R" */ = {
			isa = XCRemoteSwiftPackageReference;
			repositoryURL = "https://github.com/mac-cain13/R.swift";
			requirement = {
				kind = upToNextMajorVersion;
				minimumVersion = 7.0.0;
			};
		};
/* End XCRemoteSwiftPackageReference section */

/* Begin XCSwiftPackageProductDependency section */
		247472092AA3458700E8D03B /* SnapKit */ = {
			isa = XCSwiftPackageProductDependency;
			package = 247472082AA3458700E8D03B /* XCRemoteSwiftPackageReference "SnapKit" */;
			productName = SnapKit;
		};
		247472192AA34B0900E8D03B /* SwiftLintPlugin */ = {
			isa = XCSwiftPackageProductDependency;
			package = 247472182AA34ADC00E8D03B /* XCRemoteSwiftPackageReference "SwiftLint" */;
			productName = "plugin:SwiftLintPlugin";
		};
		247CA37B2AA1FB1600A3FF46 /* RswiftLibrary */ = {
			isa = XCSwiftPackageProductDependency;
			package = 247CA37A2AA1FB1600A3FF46 /* XCRemoteSwiftPackageReference "R" */;
			productName = RswiftLibrary;
		};
		247CA37D2AA1FC2D00A3FF46 /* RswiftGeneratePublicResources */ = {
			isa = XCSwiftPackageProductDependency;
			productName = "plugin:RswiftGeneratePublicResources";
		};
/* End XCSwiftPackageProductDependency section */
	};
	rootObject = 246000EB2A9E22520032551E /* Project object */;
}
