// !$*UTF8*$!
{
	archiveVersion = 1;
	classes = {
	};
	objectVersion = 56;
	objects = {

/* Begin PBXBuildFile section */
		240C1B552AB702B3006EC9C4 /* Authentification.swift in Sources */ = {isa = PBXBuildFile; fileRef = 240C1B542AB702B3006EC9C4 /* Authentification.swift */; };
		240C1B572AB73F33006EC9C4 /* UIScreen+Ext.swift in Sources */ = {isa = PBXBuildFile; fileRef = 240C1B562AB73F33006EC9C4 /* UIScreen+Ext.swift */; };
		241B34462AB5AA4700795EF6 /* ModuleFactoryImpl.swift in Sources */ = {isa = PBXBuildFile; fileRef = 241B34452AB5AA4700795EF6 /* ModuleFactoryImpl.swift */; };
		241B344A2AB5AC2400795EF6 /* FlowController.swift in Sources */ = {isa = PBXBuildFile; fileRef = 241B34492AB5AC2400795EF6 /* FlowController.swift */; };
		241B344C2AB5AFBF00795EF6 /* CoordinatorFactoryImpl.swift in Sources */ = {isa = PBXBuildFile; fileRef = 241B344B2AB5AFBF00795EF6 /* CoordinatorFactoryImpl.swift */; };
		243FE4482AA4C4FA009EE76D /* GoogleService-Info.plist in Resources */ = {isa = PBXBuildFile; fileRef = 243FE4412AA4C4FA009EE76D /* GoogleService-Info.plist */; };
		243FE48E2AA4CA84009EE76D /* Coordinator.swift in Sources */ = {isa = PBXBuildFile; fileRef = 243FE48D2AA4CA84009EE76D /* Coordinator.swift */; };
		243FE4982AA4CA96009EE76D /* OnboardingCoordinator.swift in Sources */ = {isa = PBXBuildFile; fileRef = 243FE4902AA4CA96009EE76D /* OnboardingCoordinator.swift */; };
		243FE4992AA4CA96009EE76D /* AppCoordinator.swift in Sources */ = {isa = PBXBuildFile; fileRef = 243FE4912AA4CA96009EE76D /* AppCoordinator.swift */; };
		243FE49A2AA4CA96009EE76D /* AuthCoordinator.swift in Sources */ = {isa = PBXBuildFile; fileRef = 243FE4922AA4CA96009EE76D /* AuthCoordinator.swift */; };
		243FE49B2AA4CA96009EE76D /* HealthTabCoordinator.swift in Sources */ = {isa = PBXBuildFile; fileRef = 243FE4932AA4CA96009EE76D /* HealthTabCoordinator.swift */; };
		243FE49C2AA4CA96009EE76D /* AirTabCoordinator.swift in Sources */ = {isa = PBXBuildFile; fileRef = 243FE4942AA4CA96009EE76D /* AirTabCoordinator.swift */; };
		243FE49D2AA4CA96009EE76D /* MapTabCoordinator.swift in Sources */ = {isa = PBXBuildFile; fileRef = 243FE4952AA4CA96009EE76D /* MapTabCoordinator.swift */; };
		243FE49E2AA4CA96009EE76D /* MainCoordinator.swift in Sources */ = {isa = PBXBuildFile; fileRef = 243FE4962AA4CA96009EE76D /* MainCoordinator.swift */; };
		243FE49F2AA4CA96009EE76D /* HomeTabCoordinator.swift in Sources */ = {isa = PBXBuildFile; fileRef = 243FE4972AA4CA96009EE76D /* HomeTabCoordinator.swift */; };
		243FE4B52AA4CC09009EE76D /* FirebaseAuth in Frameworks */ = {isa = PBXBuildFile; productRef = 243FE4B42AA4CC09009EE76D /* FirebaseAuth */; };
		2443A6DB2AB6E9C000C2F8DF /* UITextField+Ext.swift in Sources */ = {isa = PBXBuildFile; fileRef = 2443A6DA2AB6E9C000C2F8DF /* UITextField+Ext.swift */; };
		2443A6DD2AB6EB8500C2F8DF /* String+Ext.swift in Sources */ = {isa = PBXBuildFile; fileRef = 2443A6DC2AB6EB8500C2F8DF /* String+Ext.swift */; };
		2443A6E02AB6ED6800C2F8DF /* AuthController.swift in Sources */ = {isa = PBXBuildFile; fileRef = 2443A6DE2AB6ECB800C2F8DF /* AuthController.swift */; };
		245D1B7C2AB61481000F9E52 /* FirebaseFirestore in Frameworks */ = {isa = PBXBuildFile; productRef = 245D1B7B2AB61481000F9E52 /* FirebaseFirestore */; };
		245D1B7E2AB61491000F9E52 /* FirebaseFirestoreSwift in Frameworks */ = {isa = PBXBuildFile; productRef = 245D1B7D2AB61491000F9E52 /* FirebaseFirestoreSwift */; };
		245D1B802AB614B1000F9E52 /* FirebaseStorage in Frameworks */ = {isa = PBXBuildFile; productRef = 245D1B7F2AB614B1000F9E52 /* FirebaseStorage */; };
		245D1B892AB61B2A000F9E52 /* UserModel.swift in Sources */ = {isa = PBXBuildFile; fileRef = 245D1B882AB61B2A000F9E52 /* UserModel.swift */; };
		2460B8762AB8AB7500E7071B /* Core.framework in Frameworks */ = {isa = PBXBuildFile; fileRef = 247CA3742AA1F04200A3FF46 /* Core.framework */; };
		2460B8772AB8AB7500E7071B /* Core.framework in Embed Frameworks */ = {isa = PBXBuildFile; fileRef = 247CA3742AA1F04200A3FF46 /* Core.framework */; settings = {ATTRIBUTES = (CodeSignOnCopy, RemoveHeadersOnCopy, ); }; };
		2460FE562A9DFFE20032551E /* AppDelegate.swift in Sources */ = {isa = PBXBuildFile; fileRef = 2460FE552A9DFFE20032551E /* AppDelegate.swift */; };
		2460FE582A9DFFE20032551E /* SceneDelegate.swift in Sources */ = {isa = PBXBuildFile; fileRef = 2460FE572A9DFFE20032551E /* SceneDelegate.swift */; };
		2460FE5F2A9DFFE20032551E /* Assets.xcassets in Resources */ = {isa = PBXBuildFile; fileRef = 2460FE5E2A9DFFE20032551E /* Assets.xcassets */; };
		2460FE622A9DFFE20032551E /* LaunchScreen.storyboard in Resources */ = {isa = PBXBuildFile; fileRef = 2460FE602A9DFFE20032551E /* LaunchScreen.storyboard */; };
		24773FDB2AC4245C0027E43E /* UserDefaultsProvider.swift in Sources */ = {isa = PBXBuildFile; fileRef = 24773FDA2AC4245C0027E43E /* UserDefaultsProvider.swift */; };
		24773FE02AC42D420027E43E /* CoreFramework.swift in Sources */ = {isa = PBXBuildFile; fileRef = 24773FDF2AC42D420027E43E /* CoreFramework.swift */; };
		24773FE22AC42EA90027E43E /* UIComponentsFramework.swift in Sources */ = {isa = PBXBuildFile; fileRef = 24773FE12AC42EA90027E43E /* UIComponentsFramework.swift */; };
		24773FEA2AC435EE0027E43E /* CoordinatorFactory.swift in Sources */ = {isa = PBXBuildFile; fileRef = 24773FE92AC435EE0027E43E /* CoordinatorFactory.swift */; };
		24773FEC2AC4364B0027E43E /* ModuleFactory.swift in Sources */ = {isa = PBXBuildFile; fileRef = 24773FEB2AC4364B0027E43E /* ModuleFactory.swift */; };
		2479B21C2AC5B9F5006C38A7 /* UIComponents.framework in Frameworks */ = {isa = PBXBuildFile; fileRef = 247CA3792AA1F04200A3FF46 /* UIComponents.framework */; };
		2479B21D2AC5B9F5006C38A7 /* UIComponents.framework in Embed Frameworks */ = {isa = PBXBuildFile; fileRef = 247CA3792AA1F04200A3FF46 /* UIComponents.framework */; settings = {ATTRIBUTES = (CodeSignOnCopy, RemoveHeadersOnCopy, ); }; };
		2479B21E2AC5B9FC006C38A7 /* OnboardSDK.framework in Frameworks */ = {isa = PBXBuildFile; fileRef = 24F593542AA37EA7009F2A1D /* OnboardSDK.framework */; };
		2479B21F2AC5B9FC006C38A7 /* OnboardSDK.framework in Embed Frameworks */ = {isa = PBXBuildFile; fileRef = 24F593542AA37EA7009F2A1D /* OnboardSDK.framework */; settings = {ATTRIBUTES = (CodeSignOnCopy, RemoveHeadersOnCopy, ); }; };
		247A61332AB076910083585D /* UIView+Ext.swift in Sources */ = {isa = PBXBuildFile; fileRef = 247A61322AB076910083585D /* UIView+Ext.swift */; };
		24959CCD2AA514D90089E580 /* AuthViewModel.swift in Sources */ = {isa = PBXBuildFile; fileRef = 24959CCC2AA514D90089E580 /* AuthViewModel.swift */; };
		24A2D4E62AB6299B00D301C2 /* AuthentificationManager.swift in Sources */ = {isa = PBXBuildFile; fileRef = 24A2D4E52AB6299B00D301C2 /* AuthentificationManager.swift */; };
/* End PBXBuildFile section */

/* Begin PBXContainerItemProxy section */
		247CA3732AA1F04200A3FF46 /* PBXContainerItemProxy */ = {
			isa = PBXContainerItemProxy;
			containerPortal = 246000E12A9E222B0032551E /* Core.xcodeproj */;
			proxyType = 2;
			remoteGlobalIDString = 246000C72A9E222B0032551E;
			remoteInfo = Core;
		};
		247CA3752AA1F04200A3FF46 /* PBXContainerItemProxy */ = {
			isa = PBXContainerItemProxy;
			containerPortal = 246000E12A9E222B0032551E /* Core.xcodeproj */;
			proxyType = 2;
			remoteGlobalIDString = 246000D12A9E222B0032551E;
			remoteInfo = CoreTests;
		};
		247CA3782AA1F04200A3FF46 /* PBXContainerItemProxy */ = {
			isa = PBXContainerItemProxy;
			containerPortal = 246000FE2A9E22520032551E /* UIComponents.xcodeproj */;
			proxyType = 2;
			remoteGlobalIDString = 246000F42A9E22520032551E;
			remoteInfo = UIComponents;
		};
		24F593532AA37EA7009F2A1D /* PBXContainerItemProxy */ = {
			isa = PBXContainerItemProxy;
			containerPortal = 24F592FF2AA37C74009F2A1D /* OnboardSDK.xcodeproj */;
			proxyType = 2;
			remoteGlobalIDString = 24F592F52AA37C74009F2A1D;
			remoteInfo = OnboardSDK;
		};
/* End PBXContainerItemProxy section */

/* Begin PBXCopyFilesBuildPhase section */
		24F592C22AA361BE009F2A1D /* Embed Frameworks */ = {
			isa = PBXCopyFilesBuildPhase;
			buildActionMask = 2147483647;
			dstPath = "";
			dstSubfolderSpec = 10;
			files = (
				2479B21F2AC5B9FC006C38A7 /* OnboardSDK.framework in Embed Frameworks */,
				2460B8772AB8AB7500E7071B /* Core.framework in Embed Frameworks */,
				2479B21D2AC5B9F5006C38A7 /* UIComponents.framework in Embed Frameworks */,
			);
			name = "Embed Frameworks";
			runOnlyForDeploymentPostprocessing = 0;
		};
/* End PBXCopyFilesBuildPhase section */

/* Begin PBXFileReference section */
		240C1B542AB702B3006EC9C4 /* Authentification.swift */ = {isa = PBXFileReference; lastKnownFileType = sourcecode.swift; path = Authentification.swift; sourceTree = "<group>"; };
		240C1B562AB73F33006EC9C4 /* UIScreen+Ext.swift */ = {isa = PBXFileReference; lastKnownFileType = sourcecode.swift; path = "UIScreen+Ext.swift"; sourceTree = "<group>"; };
		241B34452AB5AA4700795EF6 /* ModuleFactoryImpl.swift */ = {isa = PBXFileReference; lastKnownFileType = sourcecode.swift; path = ModuleFactoryImpl.swift; sourceTree = "<group>"; };
		241B34492AB5AC2400795EF6 /* FlowController.swift */ = {isa = PBXFileReference; lastKnownFileType = sourcecode.swift; path = FlowController.swift; sourceTree = "<group>"; };
		241B344B2AB5AFBF00795EF6 /* CoordinatorFactoryImpl.swift */ = {isa = PBXFileReference; lastKnownFileType = sourcecode.swift; path = CoordinatorFactoryImpl.swift; sourceTree = "<group>"; };
		243FE4412AA4C4FA009EE76D /* GoogleService-Info.plist */ = {isa = PBXFileReference; fileEncoding = 4; lastKnownFileType = text.plist.xml; path = "GoogleService-Info.plist"; sourceTree = "<group>"; };
		243FE48D2AA4CA84009EE76D /* Coordinator.swift */ = {isa = PBXFileReference; fileEncoding = 4; lastKnownFileType = sourcecode.swift; path = Coordinator.swift; sourceTree = "<group>"; };
		243FE4902AA4CA96009EE76D /* OnboardingCoordinator.swift */ = {isa = PBXFileReference; fileEncoding = 4; lastKnownFileType = sourcecode.swift; path = OnboardingCoordinator.swift; sourceTree = "<group>"; };
		243FE4912AA4CA96009EE76D /* AppCoordinator.swift */ = {isa = PBXFileReference; fileEncoding = 4; lastKnownFileType = sourcecode.swift; path = AppCoordinator.swift; sourceTree = "<group>"; };
		243FE4922AA4CA96009EE76D /* AuthCoordinator.swift */ = {isa = PBXFileReference; fileEncoding = 4; lastKnownFileType = sourcecode.swift; path = AuthCoordinator.swift; sourceTree = "<group>"; };
		243FE4932AA4CA96009EE76D /* HealthTabCoordinator.swift */ = {isa = PBXFileReference; fileEncoding = 4; lastKnownFileType = sourcecode.swift; path = HealthTabCoordinator.swift; sourceTree = "<group>"; };
		243FE4942AA4CA96009EE76D /* AirTabCoordinator.swift */ = {isa = PBXFileReference; fileEncoding = 4; lastKnownFileType = sourcecode.swift; path = AirTabCoordinator.swift; sourceTree = "<group>"; };
		243FE4952AA4CA96009EE76D /* MapTabCoordinator.swift */ = {isa = PBXFileReference; fileEncoding = 4; lastKnownFileType = sourcecode.swift; path = MapTabCoordinator.swift; sourceTree = "<group>"; };
		243FE4962AA4CA96009EE76D /* MainCoordinator.swift */ = {isa = PBXFileReference; fileEncoding = 4; lastKnownFileType = sourcecode.swift; path = MainCoordinator.swift; sourceTree = "<group>"; };
		243FE4972AA4CA96009EE76D /* HomeTabCoordinator.swift */ = {isa = PBXFileReference; fileEncoding = 4; lastKnownFileType = sourcecode.swift; path = HomeTabCoordinator.swift; sourceTree = "<group>"; };
		2443A6DA2AB6E9C000C2F8DF /* UITextField+Ext.swift */ = {isa = PBXFileReference; lastKnownFileType = sourcecode.swift; path = "UITextField+Ext.swift"; sourceTree = "<group>"; };
		2443A6DC2AB6EB8500C2F8DF /* String+Ext.swift */ = {isa = PBXFileReference; lastKnownFileType = sourcecode.swift; path = "String+Ext.swift"; sourceTree = "<group>"; };
		2443A6DE2AB6ECB800C2F8DF /* AuthController.swift */ = {isa = PBXFileReference; lastKnownFileType = sourcecode.swift; path = AuthController.swift; sourceTree = "<group>"; };
		245D1B882AB61B2A000F9E52 /* UserModel.swift */ = {isa = PBXFileReference; lastKnownFileType = sourcecode.swift; path = UserModel.swift; sourceTree = "<group>"; };
		246000E12A9E222B0032551E /* Core.xcodeproj */ = {isa = PBXFileReference; lastKnownFileType = "wrapper.pb-project"; name = Core.xcodeproj; path = Core/Core.xcodeproj; sourceTree = "<group>"; };
		246000FE2A9E22520032551E /* UIComponents.xcodeproj */ = {isa = PBXFileReference; lastKnownFileType = "wrapper.pb-project"; name = UIComponents.xcodeproj; path = UIComponents/UIComponents.xcodeproj; sourceTree = "<group>"; };
		2460FE522A9DFFE20032551E /* Breath.app */ = {isa = PBXFileReference; explicitFileType = wrapper.application; includeInIndex = 0; path = Breath.app; sourceTree = BUILT_PRODUCTS_DIR; };
		2460FE552A9DFFE20032551E /* AppDelegate.swift */ = {isa = PBXFileReference; lastKnownFileType = sourcecode.swift; path = AppDelegate.swift; sourceTree = "<group>"; };
		2460FE572A9DFFE20032551E /* SceneDelegate.swift */ = {isa = PBXFileReference; lastKnownFileType = sourcecode.swift; path = SceneDelegate.swift; sourceTree = "<group>"; };
		2460FE5E2A9DFFE20032551E /* Assets.xcassets */ = {isa = PBXFileReference; lastKnownFileType = folder.assetcatalog; path = Assets.xcassets; sourceTree = "<group>"; };
		2460FE612A9DFFE20032551E /* Base */ = {isa = PBXFileReference; lastKnownFileType = file.storyboard; name = Base; path = Base.lproj/LaunchScreen.storyboard; sourceTree = "<group>"; };
		2460FE632A9DFFE20032551E /* Info.plist */ = {isa = PBXFileReference; lastKnownFileType = text.plist.xml; path = Info.plist; sourceTree = "<group>"; };
		24773FDA2AC4245C0027E43E /* UserDefaultsProvider.swift */ = {isa = PBXFileReference; lastKnownFileType = sourcecode.swift; path = UserDefaultsProvider.swift; sourceTree = "<group>"; };
		24773FDF2AC42D420027E43E /* CoreFramework.swift */ = {isa = PBXFileReference; lastKnownFileType = sourcecode.swift; path = CoreFramework.swift; sourceTree = "<group>"; };
		24773FE12AC42EA90027E43E /* UIComponentsFramework.swift */ = {isa = PBXFileReference; lastKnownFileType = sourcecode.swift; path = UIComponentsFramework.swift; sourceTree = "<group>"; };
		24773FE92AC435EE0027E43E /* CoordinatorFactory.swift */ = {isa = PBXFileReference; lastKnownFileType = sourcecode.swift; path = CoordinatorFactory.swift; sourceTree = "<group>"; };
		24773FEB2AC4364B0027E43E /* ModuleFactory.swift */ = {isa = PBXFileReference; lastKnownFileType = sourcecode.swift; path = ModuleFactory.swift; sourceTree = "<group>"; };
		247A61322AB076910083585D /* UIView+Ext.swift */ = {isa = PBXFileReference; lastKnownFileType = sourcecode.swift; path = "UIView+Ext.swift"; sourceTree = "<group>"; };
		24959CCC2AA514D90089E580 /* AuthViewModel.swift */ = {isa = PBXFileReference; lastKnownFileType = sourcecode.swift; path = AuthViewModel.swift; sourceTree = "<group>"; };
		24A2D4E52AB6299B00D301C2 /* AuthentificationManager.swift */ = {isa = PBXFileReference; lastKnownFileType = sourcecode.swift; path = AuthentificationManager.swift; sourceTree = "<group>"; };
		24F592FF2AA37C74009F2A1D /* OnboardSDK.xcodeproj */ = {isa = PBXFileReference; lastKnownFileType = "wrapper.pb-project"; name = OnboardSDK.xcodeproj; path = OnboardSDK/OnboardSDK.xcodeproj; sourceTree = "<group>"; };
		24F593102AA37D19009F2A1D /* OnboardSDK.framework */ = {isa = PBXFileReference; explicitFileType = wrapper.framework; path = OnboardSDK.framework; sourceTree = BUILT_PRODUCTS_DIR; };
/* End PBXFileReference section */

/* Begin PBXFrameworksBuildPhase section */
		2460FE4F2A9DFFE20032551E /* Frameworks */ = {
			isa = PBXFrameworksBuildPhase;
			buildActionMask = 2147483647;
			files = (
				2460B8762AB8AB7500E7071B /* Core.framework in Frameworks */,
				2479B21C2AC5B9F5006C38A7 /* UIComponents.framework in Frameworks */,
				2479B21E2AC5B9FC006C38A7 /* OnboardSDK.framework in Frameworks */,
				243FE4B52AA4CC09009EE76D /* FirebaseAuth in Frameworks */,
				245D1B802AB614B1000F9E52 /* FirebaseStorage in Frameworks */,
				245D1B7C2AB61481000F9E52 /* FirebaseFirestore in Frameworks */,
				245D1B7E2AB61491000F9E52 /* FirebaseFirestoreSwift in Frameworks */,
			);
			runOnlyForDeploymentPostprocessing = 0;
		};
/* End PBXFrameworksBuildPhase section */

/* Begin PBXGroup section */
		241B34442AB5AA2100795EF6 /* Factory */ = {
			isa = PBXGroup;
			children = (
				241B344B2AB5AFBF00795EF6 /* CoordinatorFactoryImpl.swift */,
				241B34452AB5AA4700795EF6 /* ModuleFactoryImpl.swift */,
			);
			path = Factory;
			sourceTree = "<group>";
		};
		243FE48C2AA4CA84009EE76D /* Protocol */ = {
			isa = PBXGroup;
			children = (
				243FE48D2AA4CA84009EE76D /* Coordinator.swift */,
				24773FE92AC435EE0027E43E /* CoordinatorFactory.swift */,
				24773FEB2AC4364B0027E43E /* ModuleFactory.swift */,
				241B34492AB5AC2400795EF6 /* FlowController.swift */,
				240C1B542AB702B3006EC9C4 /* Authentification.swift */,
			);
			path = Protocol;
			sourceTree = "<group>";
		};
		243FE48F2AA4CA96009EE76D /* Coordinator */ = {
			isa = PBXGroup;
			children = (
				243FE4912AA4CA96009EE76D /* AppCoordinator.swift */,
				243FE4902AA4CA96009EE76D /* OnboardingCoordinator.swift */,
				243FE4922AA4CA96009EE76D /* AuthCoordinator.swift */,
				243FE4962AA4CA96009EE76D /* MainCoordinator.swift */,
				243FE4972AA4CA96009EE76D /* HomeTabCoordinator.swift */,
				243FE4932AA4CA96009EE76D /* HealthTabCoordinator.swift */,
				243FE4942AA4CA96009EE76D /* AirTabCoordinator.swift */,
				243FE4952AA4CA96009EE76D /* MapTabCoordinator.swift */,
			);
			path = Coordinator;
			sourceTree = "<group>";
		};
		2443A6D92AB6E9A800C2F8DF /* Extension */ = {
			isa = PBXGroup;
			children = (
				247A61322AB076910083585D /* UIView+Ext.swift */,
				2443A6DA2AB6E9C000C2F8DF /* UITextField+Ext.swift */,
				2443A6DC2AB6EB8500C2F8DF /* String+Ext.swift */,
				240C1B562AB73F33006EC9C4 /* UIScreen+Ext.swift */,
			);
			path = Extension;
			sourceTree = "<group>";
		};
		245D1B692AB5FB7C000F9E52 /* Flow */ = {
			isa = PBXGroup;
			children = (
				245D1B6A2AB5FB81000F9E52 /* Auth */,
			);
			path = Flow;
			sourceTree = "<group>";
		};
		245D1B6A2AB5FB81000F9E52 /* Auth */ = {
			isa = PBXGroup;
			children = (
				245D1B832AB619D4000F9E52 /* Model */,
				245D1B842AB619D9000F9E52 /* View */,
				245D1B852AB619E4000F9E52 /* ViewModel */,
			);
			path = Auth;
			sourceTree = "<group>";
		};
		245D1B762AB60033000F9E52 /* Manager */ = {
			isa = PBXGroup;
			children = (
				24A2D4E52AB6299B00D301C2 /* AuthentificationManager.swift */,
			);
			path = Manager;
			sourceTree = "<group>";
		};
		245D1B832AB619D4000F9E52 /* Model */ = {
			isa = PBXGroup;
			children = (
				245D1B882AB61B2A000F9E52 /* UserModel.swift */,
			);
			path = Model;
			sourceTree = "<group>";
		};
		245D1B842AB619D9000F9E52 /* View */ = {
			isa = PBXGroup;
			children = (
				2443A6DE2AB6ECB800C2F8DF /* AuthController.swift */,
			);
			path = View;
			sourceTree = "<group>";
		};
		245D1B852AB619E4000F9E52 /* ViewModel */ = {
			isa = PBXGroup;
			children = (
				24959CCC2AA514D90089E580 /* AuthViewModel.swift */,
			);
			path = ViewModel;
			sourceTree = "<group>";
		};
		246000BA2A9E21F50032551E /* Foundation */ = {
			isa = PBXGroup;
			children = (
				246000FE2A9E22520032551E /* UIComponents.xcodeproj */,
				246000E12A9E222B0032551E /* Core.xcodeproj */,
			);
			path = Foundation;
			sourceTree = "<group>";
		};
		246000BC2A9E22030032551E /* SDK */ = {
			isa = PBXGroup;
			children = (
				24F592FF2AA37C74009F2A1D /* OnboardSDK.xcodeproj */,
			);
			path = SDK;
			sourceTree = "<group>";
		};
		2460FE492A9DFFE20032551E = {
			isa = PBXGroup;
			children = (
				246000BA2A9E21F50032551E /* Foundation */,
				246000BC2A9E22030032551E /* SDK */,
				2460FE542A9DFFE20032551E /* Breath */,
				2460FE532A9DFFE20032551E /* Products */,
				24F592BD2AA361BE009F2A1D /* Frameworks */,
			);
			sourceTree = "<group>";
		};
		2460FE532A9DFFE20032551E /* Products */ = {
			isa = PBXGroup;
			children = (
				2460FE522A9DFFE20032551E /* Breath.app */,
			);
			name = Products;
			sourceTree = "<group>";
		};
		2460FE542A9DFFE20032551E /* Breath */ = {
			isa = PBXGroup;
			children = (
				24773FDD2AC42CD30027E43E /* Setup */,
				2460FE6B2A9E00130032551E /* Application */,
				243FE48F2AA4CA96009EE76D /* Coordinator */,
				245D1B692AB5FB7C000F9E52 /* Flow */,
				2443A6D92AB6E9A800C2F8DF /* Extension */,
				2460FE6A2A9E00050032551E /* Support */,
				243FE4412AA4C4FA009EE76D /* GoogleService-Info.plist */,
			);
			path = Breath;
			sourceTree = "<group>";
		};
		2460FE6A2A9E00050032551E /* Support */ = {
			isa = PBXGroup;
			children = (
				2460FE5E2A9DFFE20032551E /* Assets.xcassets */,
				2460FE602A9DFFE20032551E /* LaunchScreen.storyboard */,
				2460FE632A9DFFE20032551E /* Info.plist */,
			);
			path = Support;
			sourceTree = "<group>";
		};
		2460FE6B2A9E00130032551E /* Application */ = {
			isa = PBXGroup;
			children = (
				2460FE552A9DFFE20032551E /* AppDelegate.swift */,
				2460FE572A9DFFE20032551E /* SceneDelegate.swift */,
			);
			path = Application;
			sourceTree = "<group>";
		};
		24773FDD2AC42CD30027E43E /* Setup */ = {
			isa = PBXGroup;
			children = (
				24773FDF2AC42D420027E43E /* CoreFramework.swift */,
				24773FE12AC42EA90027E43E /* UIComponentsFramework.swift */,
				24773FDE2AC42CE60027E43E /* Provider */,
				241B34442AB5AA2100795EF6 /* Factory */,
				245D1B762AB60033000F9E52 /* Manager */,
				243FE48C2AA4CA84009EE76D /* Protocol */,
			);
			path = Setup;
			sourceTree = "<group>";
		};
		24773FDE2AC42CE60027E43E /* Provider */ = {
			isa = PBXGroup;
			children = (
				24773FDA2AC4245C0027E43E /* UserDefaultsProvider.swift */,
			);
			path = Provider;
			sourceTree = "<group>";
		};
		247CA36D2AA1F04200A3FF46 /* Products */ = {
			isa = PBXGroup;
			children = (
				247CA3742AA1F04200A3FF46 /* Core.framework */,
				247CA3762AA1F04200A3FF46 /* CoreTests.xctest */,
			);
			name = Products;
			sourceTree = "<group>";
		};
		247CA36F2AA1F04200A3FF46 /* Products */ = {
			isa = PBXGroup;
			children = (
				247CA3792AA1F04200A3FF46 /* UIComponents.framework */,
			);
			name = Products;
			sourceTree = "<group>";
		};
		24F592BD2AA361BE009F2A1D /* Frameworks */ = {
			isa = PBXGroup;
			children = (
				24F593102AA37D19009F2A1D /* OnboardSDK.framework */,
			);
			name = Frameworks;
			sourceTree = "<group>";
		};
		24F5934C2AA37EA7009F2A1D /* Products */ = {
			isa = PBXGroup;
			children = (
				24F593542AA37EA7009F2A1D /* OnboardSDK.framework */,
			);
			name = Products;
			sourceTree = "<group>";
		};
/* End PBXGroup section */

/* Begin PBXNativeTarget section */
		2460FE512A9DFFE20032551E /* Breath */ = {
			isa = PBXNativeTarget;
			buildConfigurationList = 2460FE662A9DFFE20032551E /* Build configuration list for PBXNativeTarget "Breath" */;
			buildPhases = (
				2460FE4E2A9DFFE20032551E /* Sources */,
				2460FE4F2A9DFFE20032551E /* Frameworks */,
				2460FE502A9DFFE20032551E /* Resources */,
				24F592C22AA361BE009F2A1D /* Embed Frameworks */,
			);
			buildRules = (
			);
			dependencies = (
			);
			name = Breath;
			packageProductDependencies = (
				243FE4B42AA4CC09009EE76D /* FirebaseAuth */,
				245D1B7B2AB61481000F9E52 /* FirebaseFirestore */,
				245D1B7D2AB61491000F9E52 /* FirebaseFirestoreSwift */,
				245D1B7F2AB614B1000F9E52 /* FirebaseStorage */,
			);
			productName = Breath;
			productReference = 2460FE522A9DFFE20032551E /* Breath.app */;
			productType = "com.apple.product-type.application";
		};
/* End PBXNativeTarget section */

/* Begin PBXProject section */
		2460FE4A2A9DFFE20032551E /* Project object */ = {
			isa = PBXProject;
			attributes = {
				BuildIndependentTargetsInParallel = 1;
				LastSwiftUpdateCheck = 1430;
				LastUpgradeCheck = 1430;
				TargetAttributes = {
					2460FE512A9DFFE20032551E = {
						CreatedOnToolsVersion = 14.3.1;
					};
				};
			};
			buildConfigurationList = 2460FE4D2A9DFFE20032551E /* Build configuration list for PBXProject "Breath" */;
			compatibilityVersion = "Xcode 14.0";
			developmentRegion = en;
			hasScannedForEncodings = 0;
			knownRegions = (
				en,
				Base,
			);
			mainGroup = 2460FE492A9DFFE20032551E;
			packageReferences = (
				247472152AA3491800E8D03B /* XCRemoteSwiftPackageReference "SwiftLint" */,
				243FE4492AA4C649009EE76D /* XCRemoteSwiftPackageReference "firebase-ios-sdk" */,
			);
			productRefGroup = 2460FE532A9DFFE20032551E /* Products */;
			projectDirPath = "";
			projectReferences = (
				{
					ProductGroup = 247CA36D2AA1F04200A3FF46 /* Products */;
					ProjectRef = 246000E12A9E222B0032551E /* Core.xcodeproj */;
				},
				{
					ProductGroup = 24F5934C2AA37EA7009F2A1D /* Products */;
					ProjectRef = 24F592FF2AA37C74009F2A1D /* OnboardSDK.xcodeproj */;
				},
				{
					ProductGroup = 247CA36F2AA1F04200A3FF46 /* Products */;
					ProjectRef = 246000FE2A9E22520032551E /* UIComponents.xcodeproj */;
				},
			);
			projectRoot = "";
			targets = (
				2460FE512A9DFFE20032551E /* Breath */,
			);
		};
/* End PBXProject section */

/* Begin PBXReferenceProxy section */
		247CA3742AA1F04200A3FF46 /* Core.framework */ = {
			isa = PBXReferenceProxy;
			fileType = wrapper.framework;
			path = Core.framework;
			remoteRef = 247CA3732AA1F04200A3FF46 /* PBXContainerItemProxy */;
			sourceTree = BUILT_PRODUCTS_DIR;
		};
		247CA3762AA1F04200A3FF46 /* CoreTests.xctest */ = {
			isa = PBXReferenceProxy;
			fileType = wrapper.cfbundle;
			path = CoreTests.xctest;
			remoteRef = 247CA3752AA1F04200A3FF46 /* PBXContainerItemProxy */;
			sourceTree = BUILT_PRODUCTS_DIR;
		};
		247CA3792AA1F04200A3FF46 /* UIComponents.framework */ = {
			isa = PBXReferenceProxy;
			fileType = wrapper.framework;
			path = UIComponents.framework;
			remoteRef = 247CA3782AA1F04200A3FF46 /* PBXContainerItemProxy */;
			sourceTree = BUILT_PRODUCTS_DIR;
		};
		24F593542AA37EA7009F2A1D /* OnboardSDK.framework */ = {
			isa = PBXReferenceProxy;
			fileType = wrapper.framework;
			path = OnboardSDK.framework;
			remoteRef = 24F593532AA37EA7009F2A1D /* PBXContainerItemProxy */;
			sourceTree = BUILT_PRODUCTS_DIR;
		};
/* End PBXReferenceProxy section */

/* Begin PBXResourcesBuildPhase section */
		2460FE502A9DFFE20032551E /* Resources */ = {
			isa = PBXResourcesBuildPhase;
			buildActionMask = 2147483647;
			files = (
				2460FE622A9DFFE20032551E /* LaunchScreen.storyboard in Resources */,
				2460FE5F2A9DFFE20032551E /* Assets.xcassets in Resources */,
				243FE4482AA4C4FA009EE76D /* GoogleService-Info.plist in Resources */,
			);
			runOnlyForDeploymentPostprocessing = 0;
		};
/* End PBXResourcesBuildPhase section */

/* Begin PBXSourcesBuildPhase section */
		2460FE4E2A9DFFE20032551E /* Sources */ = {
			isa = PBXSourcesBuildPhase;
			buildActionMask = 2147483647;
			files = (
				2460FE562A9DFFE20032551E /* AppDelegate.swift in Sources */,
				243FE49C2AA4CA96009EE76D /* AirTabCoordinator.swift in Sources */,
				243FE4982AA4CA96009EE76D /* OnboardingCoordinator.swift in Sources */,
				243FE49E2AA4CA96009EE76D /* MainCoordinator.swift in Sources */,
				247A61332AB076910083585D /* UIView+Ext.swift in Sources */,
				24773FDB2AC4245C0027E43E /* UserDefaultsProvider.swift in Sources */,
				245D1B892AB61B2A000F9E52 /* UserModel.swift in Sources */,
				241B344C2AB5AFBF00795EF6 /* CoordinatorFactoryImpl.swift in Sources */,
				24A2D4E62AB6299B00D301C2 /* AuthentificationManager.swift in Sources */,
				243FE49B2AA4CA96009EE76D /* HealthTabCoordinator.swift in Sources */,
				243FE49F2AA4CA96009EE76D /* HomeTabCoordinator.swift in Sources */,
				240C1B572AB73F33006EC9C4 /* UIScreen+Ext.swift in Sources */,
				24773FE22AC42EA90027E43E /* UIComponentsFramework.swift in Sources */,
				2443A6E02AB6ED6800C2F8DF /* AuthController.swift in Sources */,
				240C1B552AB702B3006EC9C4 /* Authentification.swift in Sources */,
				24773FEA2AC435EE0027E43E /* CoordinatorFactory.swift in Sources */,
				241B34462AB5AA4700795EF6 /* ModuleFactoryImpl.swift in Sources */,
				241B344A2AB5AC2400795EF6 /* FlowController.swift in Sources */,
				243FE4992AA4CA96009EE76D /* AppCoordinator.swift in Sources */,
				2443A6DD2AB6EB8500C2F8DF /* String+Ext.swift in Sources */,
				24773FEC2AC4364B0027E43E /* ModuleFactory.swift in Sources */,
				2460FE582A9DFFE20032551E /* SceneDelegate.swift in Sources */,
				24773FE02AC42D420027E43E /* CoreFramework.swift in Sources */,
				2443A6DB2AB6E9C000C2F8DF /* UITextField+Ext.swift in Sources */,
				243FE49A2AA4CA96009EE76D /* AuthCoordinator.swift in Sources */,
				243FE49D2AA4CA96009EE76D /* MapTabCoordinator.swift in Sources */,
				24959CCD2AA514D90089E580 /* AuthViewModel.swift in Sources */,
				243FE48E2AA4CA84009EE76D /* Coordinator.swift in Sources */,
			);
			runOnlyForDeploymentPostprocessing = 0;
		};
/* End PBXSourcesBuildPhase section */

/* Begin PBXVariantGroup section */
		2460FE602A9DFFE20032551E /* LaunchScreen.storyboard */ = {
			isa = PBXVariantGroup;
			children = (
				2460FE612A9DFFE20032551E /* Base */,
			);
			name = LaunchScreen.storyboard;
			sourceTree = "<group>";
		};
/* End PBXVariantGroup section */

/* Begin XCBuildConfiguration section */
		2460FE642A9DFFE20032551E /* Debug */ = {
			isa = XCBuildConfiguration;
			buildSettings = {
				ALWAYS_SEARCH_USER_PATHS = NO;
				CLANG_ANALYZER_NONNULL = YES;
				CLANG_ANALYZER_NUMBER_OBJECT_CONVERSION = YES_AGGRESSIVE;
				CLANG_CXX_LANGUAGE_STANDARD = "gnu++20";
				CLANG_ENABLE_MODULES = YES;
				CLANG_ENABLE_OBJC_ARC = YES;
				CLANG_ENABLE_OBJC_WEAK = YES;
				CLANG_WARN_BLOCK_CAPTURE_AUTORELEASING = YES;
				CLANG_WARN_BOOL_CONVERSION = YES;
				CLANG_WARN_COMMA = YES;
				CLANG_WARN_CONSTANT_CONVERSION = YES;
				CLANG_WARN_DEPRECATED_OBJC_IMPLEMENTATIONS = YES;
				CLANG_WARN_DIRECT_OBJC_ISA_USAGE = YES_ERROR;
				CLANG_WARN_DOCUMENTATION_COMMENTS = YES;
				CLANG_WARN_EMPTY_BODY = YES;
				CLANG_WARN_ENUM_CONVERSION = YES;
				CLANG_WARN_INFINITE_RECURSION = YES;
				CLANG_WARN_INT_CONVERSION = YES;
				CLANG_WARN_NON_LITERAL_NULL_CONVERSION = YES;
				CLANG_WARN_OBJC_IMPLICIT_RETAIN_SELF = YES;
				CLANG_WARN_OBJC_LITERAL_CONVERSION = YES;
				CLANG_WARN_OBJC_ROOT_CLASS = YES_ERROR;
				CLANG_WARN_QUOTED_INCLUDE_IN_FRAMEWORK_HEADER = YES;
				CLANG_WARN_RANGE_LOOP_ANALYSIS = YES;
				CLANG_WARN_STRICT_PROTOTYPES = YES;
				CLANG_WARN_SUSPICIOUS_MOVE = YES;
				CLANG_WARN_UNGUARDED_AVAILABILITY = YES_AGGRESSIVE;
				CLANG_WARN_UNREACHABLE_CODE = YES;
				CLANG_WARN__DUPLICATE_METHOD_MATCH = YES;
				COPY_PHASE_STRIP = NO;
				DEBUG_INFORMATION_FORMAT = dwarf;
				ENABLE_STRICT_OBJC_MSGSEND = YES;
				ENABLE_TESTABILITY = YES;
				GCC_C_LANGUAGE_STANDARD = gnu11;
				GCC_DYNAMIC_NO_PIC = NO;
				GCC_NO_COMMON_BLOCKS = YES;
				GCC_OPTIMIZATION_LEVEL = 0;
				GCC_PREPROCESSOR_DEFINITIONS = (
					"DEBUG=1",
					"$(inherited)",
				);
				GCC_WARN_64_TO_32_BIT_CONVERSION = YES;
				GCC_WARN_ABOUT_RETURN_TYPE = YES_ERROR;
				GCC_WARN_UNDECLARED_SELECTOR = YES;
				GCC_WARN_UNINITIALIZED_AUTOS = YES_AGGRESSIVE;
				GCC_WARN_UNUSED_FUNCTION = YES;
				GCC_WARN_UNUSED_VARIABLE = YES;
				IPHONEOS_DEPLOYMENT_TARGET = 16.4;
				MTL_ENABLE_DEBUG_INFO = INCLUDE_SOURCE;
				MTL_FAST_MATH = YES;
				ONLY_ACTIVE_ARCH = YES;
				SDKROOT = iphoneos;
				SWIFT_ACTIVE_COMPILATION_CONDITIONS = DEBUG;
				SWIFT_OPTIMIZATION_LEVEL = "-Onone";
			};
			name = Debug;
		};
		2460FE652A9DFFE20032551E /* Release */ = {
			isa = XCBuildConfiguration;
			buildSettings = {
				ALWAYS_SEARCH_USER_PATHS = NO;
				CLANG_ANALYZER_NONNULL = YES;
				CLANG_ANALYZER_NUMBER_OBJECT_CONVERSION = YES_AGGRESSIVE;
				CLANG_CXX_LANGUAGE_STANDARD = "gnu++20";
				CLANG_ENABLE_MODULES = YES;
				CLANG_ENABLE_OBJC_ARC = YES;
				CLANG_ENABLE_OBJC_WEAK = YES;
				CLANG_WARN_BLOCK_CAPTURE_AUTORELEASING = YES;
				CLANG_WARN_BOOL_CONVERSION = YES;
				CLANG_WARN_COMMA = YES;
				CLANG_WARN_CONSTANT_CONVERSION = YES;
				CLANG_WARN_DEPRECATED_OBJC_IMPLEMENTATIONS = YES;
				CLANG_WARN_DIRECT_OBJC_ISA_USAGE = YES_ERROR;
				CLANG_WARN_DOCUMENTATION_COMMENTS = YES;
				CLANG_WARN_EMPTY_BODY = YES;
				CLANG_WARN_ENUM_CONVERSION = YES;
				CLANG_WARN_INFINITE_RECURSION = YES;
				CLANG_WARN_INT_CONVERSION = YES;
				CLANG_WARN_NON_LITERAL_NULL_CONVERSION = YES;
				CLANG_WARN_OBJC_IMPLICIT_RETAIN_SELF = YES;
				CLANG_WARN_OBJC_LITERAL_CONVERSION = YES;
				CLANG_WARN_OBJC_ROOT_CLASS = YES_ERROR;
				CLANG_WARN_QUOTED_INCLUDE_IN_FRAMEWORK_HEADER = YES;
				CLANG_WARN_RANGE_LOOP_ANALYSIS = YES;
				CLANG_WARN_STRICT_PROTOTYPES = YES;
				CLANG_WARN_SUSPICIOUS_MOVE = YES;
				CLANG_WARN_UNGUARDED_AVAILABILITY = YES_AGGRESSIVE;
				CLANG_WARN_UNREACHABLE_CODE = YES;
				CLANG_WARN__DUPLICATE_METHOD_MATCH = YES;
				COPY_PHASE_STRIP = NO;
				DEBUG_INFORMATION_FORMAT = "dwarf-with-dsym";
				ENABLE_NS_ASSERTIONS = NO;
				ENABLE_STRICT_OBJC_MSGSEND = YES;
				GCC_C_LANGUAGE_STANDARD = gnu11;
				GCC_NO_COMMON_BLOCKS = YES;
				GCC_WARN_64_TO_32_BIT_CONVERSION = YES;
				GCC_WARN_ABOUT_RETURN_TYPE = YES_ERROR;
				GCC_WARN_UNDECLARED_SELECTOR = YES;
				GCC_WARN_UNINITIALIZED_AUTOS = YES_AGGRESSIVE;
				GCC_WARN_UNUSED_FUNCTION = YES;
				GCC_WARN_UNUSED_VARIABLE = YES;
				IPHONEOS_DEPLOYMENT_TARGET = 16.4;
				MTL_ENABLE_DEBUG_INFO = NO;
				MTL_FAST_MATH = YES;
				SDKROOT = iphoneos;
				SWIFT_COMPILATION_MODE = wholemodule;
				SWIFT_OPTIMIZATION_LEVEL = "-O";
				VALIDATE_PRODUCT = YES;
			};
			name = Release;
		};
		2460FE672A9DFFE20032551E /* Debug */ = {
			isa = XCBuildConfiguration;
			buildSettings = {
				ASSETCATALOG_COMPILER_APPICON_NAME = AppIcon;
				ASSETCATALOG_COMPILER_GLOBAL_ACCENT_COLOR_NAME = AccentColor;
				CODE_SIGN_STYLE = Automatic;
				CURRENT_PROJECT_VERSION = 1;
				DEVELOPMENT_TEAM = XY95NKW6BH;
				GENERATE_INFOPLIST_FILE = YES;
				INFOPLIST_FILE = Breath/Support/Info.plist;
				INFOPLIST_KEY_UIApplicationSupportsIndirectInputEvents = YES;
				INFOPLIST_KEY_UILaunchStoryboardName = LaunchScreen;
				INFOPLIST_KEY_UIMainStoryboardFile = "";
				INFOPLIST_KEY_UISupportedInterfaceOrientations = UIInterfaceOrientationPortrait;
				INFOPLIST_KEY_UISupportedInterfaceOrientations_iPad = "UIInterfaceOrientationPortrait UIInterfaceOrientationPortraitUpsideDown";
				IPHONEOS_DEPLOYMENT_TARGET = 14.0;
				LD_RUNPATH_SEARCH_PATHS = (
					"$(inherited)",
					"@executable_path/Frameworks",
				);
				MARKETING_VERSION = 1.0;
				PRODUCT_BUNDLE_IDENTIFIER = com.2late2bad.Breath;
				PRODUCT_NAME = "$(TARGET_NAME)";
				SWIFT_EMIT_LOC_STRINGS = YES;
				SWIFT_VERSION = 5.0;
				TARGETED_DEVICE_FAMILY = "1,2";
			};
			name = Debug;
		};
		2460FE682A9DFFE20032551E /* Release */ = {
			isa = XCBuildConfiguration;
			buildSettings = {
				ASSETCATALOG_COMPILER_APPICON_NAME = AppIcon;
				ASSETCATALOG_COMPILER_GLOBAL_ACCENT_COLOR_NAME = AccentColor;
				CODE_SIGN_STYLE = Automatic;
				CURRENT_PROJECT_VERSION = 1;
				DEVELOPMENT_TEAM = XY95NKW6BH;
				GENERATE_INFOPLIST_FILE = YES;
				INFOPLIST_FILE = Breath/Support/Info.plist;
				INFOPLIST_KEY_UIApplicationSupportsIndirectInputEvents = YES;
				INFOPLIST_KEY_UILaunchStoryboardName = LaunchScreen;
				INFOPLIST_KEY_UIMainStoryboardFile = "";
				INFOPLIST_KEY_UISupportedInterfaceOrientations = UIInterfaceOrientationPortrait;
				INFOPLIST_KEY_UISupportedInterfaceOrientations_iPad = "UIInterfaceOrientationPortrait UIInterfaceOrientationPortraitUpsideDown";
				IPHONEOS_DEPLOYMENT_TARGET = 14.0;
				LD_RUNPATH_SEARCH_PATHS = (
					"$(inherited)",
					"@executable_path/Frameworks",
				);
				MARKETING_VERSION = 1.0;
				PRODUCT_BUNDLE_IDENTIFIER = com.2late2bad.Breath;
				PRODUCT_NAME = "$(TARGET_NAME)";
				SWIFT_EMIT_LOC_STRINGS = YES;
				SWIFT_VERSION = 5.0;
				TARGETED_DEVICE_FAMILY = "1,2";
			};
			name = Release;
		};
/* End XCBuildConfiguration section */

/* Begin XCConfigurationList section */
		2460FE4D2A9DFFE20032551E /* Build configuration list for PBXProject "Breath" */ = {
			isa = XCConfigurationList;
			buildConfigurations = (
				2460FE642A9DFFE20032551E /* Debug */,
				2460FE652A9DFFE20032551E /* Release */,
			);
			defaultConfigurationIsVisible = 0;
			defaultConfigurationName = Release;
		};
		2460FE662A9DFFE20032551E /* Build configuration list for PBXNativeTarget "Breath" */ = {
			isa = XCConfigurationList;
			buildConfigurations = (
				2460FE672A9DFFE20032551E /* Debug */,
				2460FE682A9DFFE20032551E /* Release */,
			);
			defaultConfigurationIsVisible = 0;
			defaultConfigurationName = Release;
		};
/* End XCConfigurationList section */

/* Begin XCRemoteSwiftPackageReference section */
		243FE4492AA4C649009EE76D /* XCRemoteSwiftPackageReference "firebase-ios-sdk" */ = {
			isa = XCRemoteSwiftPackageReference;
			repositoryURL = "https://github.com/firebase/firebase-ios-sdk";
			requirement = {
				kind = upToNextMajorVersion;
				minimumVersion = 10.0.0;
			};
		};
		247472152AA3491800E8D03B /* XCRemoteSwiftPackageReference "SwiftLint" */ = {
			isa = XCRemoteSwiftPackageReference;
			repositoryURL = "https://github.com/realm/SwiftLint.git";
			requirement = {
				kind = upToNextMajorVersion;
				minimumVersion = 0.52.4;
			};
		};
/* End XCRemoteSwiftPackageReference section */

/* Begin XCSwiftPackageProductDependency section */
		243FE4B42AA4CC09009EE76D /* FirebaseAuth */ = {
			isa = XCSwiftPackageProductDependency;
			package = 243FE4492AA4C649009EE76D /* XCRemoteSwiftPackageReference "firebase-ios-sdk" */;
			productName = FirebaseAuth;
		};
		245D1B7B2AB61481000F9E52 /* FirebaseFirestore */ = {
			isa = XCSwiftPackageProductDependency;
			package = 243FE4492AA4C649009EE76D /* XCRemoteSwiftPackageReference "firebase-ios-sdk" */;
			productName = FirebaseFirestore;
		};
		245D1B7D2AB61491000F9E52 /* FirebaseFirestoreSwift */ = {
			isa = XCSwiftPackageProductDependency;
			package = 243FE4492AA4C649009EE76D /* XCRemoteSwiftPackageReference "firebase-ios-sdk" */;
			productName = FirebaseFirestoreSwift;
		};
		245D1B7F2AB614B1000F9E52 /* FirebaseStorage */ = {
			isa = XCSwiftPackageProductDependency;
			package = 243FE4492AA4C649009EE76D /* XCRemoteSwiftPackageReference "firebase-ios-sdk" */;
			productName = FirebaseStorage;
		};
/* End XCSwiftPackageProductDependency section */
	};
	rootObject = 2460FE4A2A9DFFE20032551E /* Project object */;
}
